// !$*UTF8*$!
{
	archiveVersion = 1;
	classes = {
	};
	objectVersion = 56;
	objects = {

/* Begin PBXBuildFile section */
		B57B355B2A00E57A001B5F0F /* AppDelegate.swift in Sources */ = {isa = PBXBuildFile; fileRef = B57B355A2A00E57A001B5F0F /* AppDelegate.swift */; };
		B57B355D2A00E57A001B5F0F /* ViewController.swift in Sources */ = {isa = PBXBuildFile; fileRef = B57B355C2A00E57A001B5F0F /* ViewController.swift */; };
		B57B355F2A00E57B001B5F0F /* Assets.xcassets in Resources */ = {isa = PBXBuildFile; fileRef = B57B355E2A00E57B001B5F0F /* Assets.xcassets */; };
		B57B356D2A00E57B001B5F0F /* CryptoAppTests.swift in Sources */ = {isa = PBXBuildFile; fileRef = B57B356C2A00E57B001B5F0F /* CryptoAppTests.swift */; };
		B57B35772A00E57B001B5F0F /* CryptoAppUITests.swift in Sources */ = {isa = PBXBuildFile; fileRef = B57B35762A00E57B001B5F0F /* CryptoAppUITests.swift */; };
		B57B35792A00E57B001B5F0F /* CryptoAppUITestsLaunchTests.swift in Sources */ = {isa = PBXBuildFile; fileRef = B57B35782A00E57B001B5F0F /* CryptoAppUITestsLaunchTests.swift */; };
		B57B35862A00FA7D001B5F0F /* Requirements.rtf in Resources */ = {isa = PBXBuildFile; fileRef = B57B35852A00FA7D001B5F0F /* Requirements.rtf */; };
		B57B35882A010A02001B5F0F /* EndPoints.rtf in Resources */ = {isa = PBXBuildFile; fileRef = B57B35872A010A02001B5F0F /* EndPoints.rtf */; };
		B57B358A2A011491001B5F0F /* main.swift in Sources */ = {isa = PBXBuildFile; fileRef = B57B35892A011491001B5F0F /* main.swift */; };
		B57B359A2A01163A001B5F0F /* Assembler.swift in Sources */ = {isa = PBXBuildFile; fileRef = B57B35992A01163A001B5F0F /* Assembler.swift */; };
		B57B359C2A011642001B5F0F /* Router.swift in Sources */ = {isa = PBXBuildFile; fileRef = B57B359B2A011642001B5F0F /* Router.swift */; };
		B57B359F2A011DC8001B5F0F /* User.swift in Sources */ = {isa = PBXBuildFile; fileRef = B57B359E2A011DC8001B5F0F /* User.swift */; };
		B57B35A12A011FCC001B5F0F /* CryptoWallet.swift in Sources */ = {isa = PBXBuildFile; fileRef = B57B35A02A011FCC001B5F0F /* CryptoWallet.swift */; };
		B57B35A32A01224E001B5F0F /* CryptoData.swift in Sources */ = {isa = PBXBuildFile; fileRef = B57B35A22A01224E001B5F0F /* CryptoData.swift */; };
		B57B35A52A012337001B5F0F /* Iternary.rtf in Resources */ = {isa = PBXBuildFile; fileRef = B57B35A42A012337001B5F0F /* Iternary.rtf */; };
		B57B35A72A01284A001B5F0F /* DB-info.rtf in Resources */ = {isa = PBXBuildFile; fileRef = B57B35A62A01284A001B5F0F /* DB-info.rtf */; };
		B57B35AB2A012CF2001B5F0F /* HardCodedData.swift in Sources */ = {isa = PBXBuildFile; fileRef = B57B35AA2A012CF2001B5F0F /* HardCodedData.swift */; };
		B57B35B12A0222E6001B5F0F /* FileHandler.swift in Sources */ = {isa = PBXBuildFile; fileRef = B57B35B02A0222E6001B5F0F /* FileHandler.swift */; };
		B57B35B62A022635001B5F0F /* DBHelper.swift in Sources */ = {isa = PBXBuildFile; fileRef = B57B35B52A022635001B5F0F /* DBHelper.swift */; };
		B57B35B82A022672001B5F0F /* HelperContracts.swift in Sources */ = {isa = PBXBuildFile; fileRef = B57B35B72A022672001B5F0F /* HelperContracts.swift */; };
		B57B35BA2A023F04001B5F0F /* HelperContracts+ErrorHandling.swift in Sources */ = {isa = PBXBuildFile; fileRef = B57B35B92A023F04001B5F0F /* HelperContracts+ErrorHandling.swift */; };
		B57B35BC2A024006001B5F0F /* HelperContracts+CreateTable.swift in Sources */ = {isa = PBXBuildFile; fileRef = B57B35BB2A024006001B5F0F /* HelperContracts+CreateTable.swift */; };
/* End PBXBuildFile section */

/* Begin PBXContainerItemProxy section */
		B57B35692A00E57B001B5F0F /* PBXContainerItemProxy */ = {
			isa = PBXContainerItemProxy;
			containerPortal = B57B354F2A00E57A001B5F0F /* Project object */;
			proxyType = 1;
			remoteGlobalIDString = B57B35562A00E57A001B5F0F;
			remoteInfo = CryptoApp;
		};
		B57B35732A00E57B001B5F0F /* PBXContainerItemProxy */ = {
			isa = PBXContainerItemProxy;
			containerPortal = B57B354F2A00E57A001B5F0F /* Project object */;
			proxyType = 1;
			remoteGlobalIDString = B57B35562A00E57A001B5F0F;
			remoteInfo = CryptoApp;
		};
/* End PBXContainerItemProxy section */

/* Begin PBXFileReference section */
		B57B35572A00E57A001B5F0F /* CryptoApp.app */ = {isa = PBXFileReference; explicitFileType = wrapper.application; includeInIndex = 0; path = CryptoApp.app; sourceTree = BUILT_PRODUCTS_DIR; };
		B57B355A2A00E57A001B5F0F /* AppDelegate.swift */ = {isa = PBXFileReference; lastKnownFileType = sourcecode.swift; path = AppDelegate.swift; sourceTree = "<group>"; };
		B57B355C2A00E57A001B5F0F /* ViewController.swift */ = {isa = PBXFileReference; lastKnownFileType = sourcecode.swift; path = ViewController.swift; sourceTree = "<group>"; };
		B57B355E2A00E57B001B5F0F /* Assets.xcassets */ = {isa = PBXFileReference; lastKnownFileType = folder.assetcatalog; path = Assets.xcassets; sourceTree = "<group>"; };
		B57B35632A00E57B001B5F0F /* CryptoApp.entitlements */ = {isa = PBXFileReference; lastKnownFileType = text.plist.entitlements; path = CryptoApp.entitlements; sourceTree = "<group>"; };
		B57B35682A00E57B001B5F0F /* CryptoAppTests.xctest */ = {isa = PBXFileReference; explicitFileType = wrapper.cfbundle; includeInIndex = 0; path = CryptoAppTests.xctest; sourceTree = BUILT_PRODUCTS_DIR; };
		B57B356C2A00E57B001B5F0F /* CryptoAppTests.swift */ = {isa = PBXFileReference; lastKnownFileType = sourcecode.swift; path = CryptoAppTests.swift; sourceTree = "<group>"; };
		B57B35722A00E57B001B5F0F /* CryptoAppUITests.xctest */ = {isa = PBXFileReference; explicitFileType = wrapper.cfbundle; includeInIndex = 0; path = CryptoAppUITests.xctest; sourceTree = BUILT_PRODUCTS_DIR; };
		B57B35762A00E57B001B5F0F /* CryptoAppUITests.swift */ = {isa = PBXFileReference; lastKnownFileType = sourcecode.swift; path = CryptoAppUITests.swift; sourceTree = "<group>"; };
		B57B35782A00E57B001B5F0F /* CryptoAppUITestsLaunchTests.swift */ = {isa = PBXFileReference; lastKnownFileType = sourcecode.swift; path = CryptoAppUITestsLaunchTests.swift; sourceTree = "<group>"; };
		B57B35852A00FA7D001B5F0F /* Requirements.rtf */ = {isa = PBXFileReference; lastKnownFileType = text.rtf; path = Requirements.rtf; sourceTree = "<group>"; };
		B57B35872A010A02001B5F0F /* EndPoints.rtf */ = {isa = PBXFileReference; lastKnownFileType = text.rtf; path = EndPoints.rtf; sourceTree = "<group>"; };
		B57B35892A011491001B5F0F /* main.swift */ = {isa = PBXFileReference; lastKnownFileType = sourcecode.swift; path = main.swift; sourceTree = "<group>"; };
		B57B35992A01163A001B5F0F /* Assembler.swift */ = {isa = PBXFileReference; lastKnownFileType = sourcecode.swift; path = Assembler.swift; sourceTree = "<group>"; };
		B57B359B2A011642001B5F0F /* Router.swift */ = {isa = PBXFileReference; lastKnownFileType = sourcecode.swift; path = Router.swift; sourceTree = "<group>"; };
		B57B359E2A011DC8001B5F0F /* User.swift */ = {isa = PBXFileReference; lastKnownFileType = sourcecode.swift; path = User.swift; sourceTree = "<group>"; };
		B57B35A02A011FCC001B5F0F /* CryptoWallet.swift */ = {isa = PBXFileReference; lastKnownFileType = sourcecode.swift; path = CryptoWallet.swift; sourceTree = "<group>"; };
		B57B35A22A01224E001B5F0F /* CryptoData.swift */ = {isa = PBXFileReference; lastKnownFileType = sourcecode.swift; path = CryptoData.swift; sourceTree = "<group>"; };
		B57B35A42A012337001B5F0F /* Iternary.rtf */ = {isa = PBXFileReference; lastKnownFileType = text.rtf; path = Iternary.rtf; sourceTree = "<group>"; };
		B57B35A62A01284A001B5F0F /* DB-info.rtf */ = {isa = PBXFileReference; lastKnownFileType = text.rtf; path = "DB-info.rtf"; sourceTree = "<group>"; };
		B57B35AA2A012CF2001B5F0F /* HardCodedData.swift */ = {isa = PBXFileReference; lastKnownFileType = sourcecode.swift; path = HardCodedData.swift; sourceTree = "<group>"; };
		B57B35B02A0222E6001B5F0F /* FileHandler.swift */ = {isa = PBXFileReference; lastKnownFileType = sourcecode.swift; path = FileHandler.swift; sourceTree = "<group>"; };
		B57B35B52A022635001B5F0F /* DBHelper.swift */ = {isa = PBXFileReference; lastKnownFileType = sourcecode.swift; path = DBHelper.swift; sourceTree = "<group>"; };
		B57B35B72A022672001B5F0F /* HelperContracts.swift */ = {isa = PBXFileReference; lastKnownFileType = sourcecode.swift; path = HelperContracts.swift; sourceTree = "<group>"; };
		B57B35B92A023F04001B5F0F /* HelperContracts+ErrorHandling.swift */ = {isa = PBXFileReference; lastKnownFileType = sourcecode.swift; path = "HelperContracts+ErrorHandling.swift"; sourceTree = "<group>"; };
		B57B35BB2A024006001B5F0F /* HelperContracts+CreateTable.swift */ = {isa = PBXFileReference; lastKnownFileType = sourcecode.swift; path = "HelperContracts+CreateTable.swift"; sourceTree = "<group>"; };
/* End PBXFileReference section */

/* Begin PBXFrameworksBuildPhase section */
		B57B35542A00E57A001B5F0F /* Frameworks */ = {
			isa = PBXFrameworksBuildPhase;
			buildActionMask = 2147483647;
			files = (
			);
			runOnlyForDeploymentPostprocessing = 0;
		};
		B57B35652A00E57B001B5F0F /* Frameworks */ = {
			isa = PBXFrameworksBuildPhase;
			buildActionMask = 2147483647;
			files = (
			);
			runOnlyForDeploymentPostprocessing = 0;
		};
		B57B356F2A00E57B001B5F0F /* Frameworks */ = {
			isa = PBXFrameworksBuildPhase;
			buildActionMask = 2147483647;
			files = (
			);
			runOnlyForDeploymentPostprocessing = 0;
		};
/* End PBXFrameworksBuildPhase section */

/* Begin PBXGroup section */
		B57B354E2A00E57A001B5F0F = {
			isa = PBXGroup;
			children = (
				B57B359D2A011DA0001B5F0F /* CryptoAppBackEnd */,
				B57B35592A00E57A001B5F0F /* CryptoApp */,
				B57B356B2A00E57B001B5F0F /* CryptoAppTests */,
				B57B35752A00E57B001B5F0F /* CryptoAppUITests */,
				B57B35582A00E57A001B5F0F /* Products */,
			);
			sourceTree = "<group>";
		};
		B57B35582A00E57A001B5F0F /* Products */ = {
			isa = PBXGroup;
			children = (
				B57B35572A00E57A001B5F0F /* CryptoApp.app */,
				B57B35682A00E57B001B5F0F /* CryptoAppTests.xctest */,
				B57B35722A00E57B001B5F0F /* CryptoAppUITests.xctest */,
			);
			name = Products;
			sourceTree = "<group>";
		};
		B57B35592A00E57A001B5F0F /* CryptoApp */ = {
			isa = PBXGroup;
			children = (
				B57B35942A0115F9001B5F0F /* Presentation */,
				B57B355A2A00E57A001B5F0F /* AppDelegate.swift */,
				B57B355C2A00E57A001B5F0F /* ViewController.swift */,
				B57B355E2A00E57B001B5F0F /* Assets.xcassets */,
				B57B35632A00E57B001B5F0F /* CryptoApp.entitlements */,
				B57B35A82A012852001B5F0F /* ProjectInfo */,
				B57B35892A011491001B5F0F /* main.swift */,
				B57B35992A01163A001B5F0F /* Assembler.swift */,
				B57B359B2A011642001B5F0F /* Router.swift */,
				B57B35AA2A012CF2001B5F0F /* HardCodedData.swift */,
			);
			path = CryptoApp;
			sourceTree = "<group>";
		};
		B57B356B2A00E57B001B5F0F /* CryptoAppTests */ = {
			isa = PBXGroup;
			children = (
				B57B356C2A00E57B001B5F0F /* CryptoAppTests.swift */,
			);
			path = CryptoAppTests;
			sourceTree = "<group>";
		};
		B57B35752A00E57B001B5F0F /* CryptoAppUITests */ = {
			isa = PBXGroup;
			children = (
				B57B35762A00E57B001B5F0F /* CryptoAppUITests.swift */,
				B57B35782A00E57B001B5F0F /* CryptoAppUITestsLaunchTests.swift */,
			);
			path = CryptoAppUITests;
			sourceTree = "<group>";
		};
		B57B358B2A01155D001B5F0F /* Data */ = {
			isa = PBXGroup;
			children = (
				B57B35AF2A0222C0001B5F0F /* FileManger */,
				B57B35932A0115EB001B5F0F /* Network */,
				B57B35912A0115D2001B5F0F /* DataBase */,
				B57B35902A0115C6001B5F0F /* DataManager */,
			);
			path = Data;
			sourceTree = "<group>";
		};
		B57B358C2A01156B001B5F0F /* Domain */ = {
			isa = PBXGroup;
			children = (
				B57B358F2A0115BB001B5F0F /* Entity */,
				B57B358E2A0115B2001B5F0F /* Usecase */,
				B57B358D2A0115A6001B5F0F /* Contracts */,
			);
			path = Domain;
			sourceTree = "<group>";
		};
		B57B358D2A0115A6001B5F0F /* Contracts */ = {
			isa = PBXGroup;
			children = (
			);
			path = Contracts;
			sourceTree = "<group>";
		};
		B57B358E2A0115B2001B5F0F /* Usecase */ = {
			isa = PBXGroup;
			children = (
			);
			path = Usecase;
			sourceTree = "<group>";
		};
		B57B358F2A0115BB001B5F0F /* Entity */ = {
			isa = PBXGroup;
			children = (
				B57B359E2A011DC8001B5F0F /* User.swift */,
				B57B35A02A011FCC001B5F0F /* CryptoWallet.swift */,
				B57B35A22A01224E001B5F0F /* CryptoData.swift */,
			);
			path = Entity;
			sourceTree = "<group>";
		};
		B57B35902A0115C6001B5F0F /* DataManager */ = {
			isa = PBXGroup;
			children = (
			);
			path = DataManager;
			sourceTree = "<group>";
		};
		B57B35912A0115D2001B5F0F /* DataBase */ = {
			isa = PBXGroup;
			children = (
				B57B35B42A02260C001B5F0F /* Operations */,
				B57B35B52A022635001B5F0F /* DBHelper.swift */,
				B57B35B72A022672001B5F0F /* HelperContracts.swift */,
			);
			path = DataBase;
			sourceTree = "<group>";
		};
		B57B35932A0115EB001B5F0F /* Network */ = {
			isa = PBXGroup;
			children = (
			);
			path = Network;
			sourceTree = "<group>";
		};
		B57B35942A0115F9001B5F0F /* Presentation */ = {
			isa = PBXGroup;
			children = (
				B57B35972A01161D001B5F0F /* View */,
				B57B35962A011616001B5F0F /* Preseneter */,
				B57B35952A011608001B5F0F /* Contract */,
			);
			path = Presentation;
			sourceTree = "<group>";
		};
		B57B35952A011608001B5F0F /* Contract */ = {
			isa = PBXGroup;
			children = (
			);
			path = Contract;
			sourceTree = "<group>";
		};
		B57B35962A011616001B5F0F /* Preseneter */ = {
			isa = PBXGroup;
			children = (
			);
			path = Preseneter;
			sourceTree = "<group>";
		};
		B57B35972A01161D001B5F0F /* View */ = {
			isa = PBXGroup;
			children = (
			);
			path = View;
			sourceTree = "<group>";
		};
		B57B359D2A011DA0001B5F0F /* CryptoAppBackEnd */ = {
			isa = PBXGroup;
			children = (
				B57B358C2A01156B001B5F0F /* Domain */,
				B57B358B2A01155D001B5F0F /* Data */,
			);
			path = CryptoAppBackEnd;
			sourceTree = "<group>";
		};
		B57B35A82A012852001B5F0F /* ProjectInfo */ = {
			isa = PBXGroup;
			children = (
				B57B35852A00FA7D001B5F0F /* Requirements.rtf */,
				B57B35872A010A02001B5F0F /* EndPoints.rtf */,
				B57B35A42A012337001B5F0F /* Iternary.rtf */,
				B57B35A62A01284A001B5F0F /* DB-info.rtf */,
			);
			path = ProjectInfo;
			sourceTree = "<group>";
		};
		B57B35AF2A0222C0001B5F0F /* FileManger */ = {
			isa = PBXGroup;
			children = (
				B57B35B02A0222E6001B5F0F /* FileHandler.swift */,
			);
			path = FileManger;
			sourceTree = "<group>";
		};
		B57B35B42A02260C001B5F0F /* Operations */ = {
			isa = PBXGroup;
			children = (
				B57B35B92A023F04001B5F0F /* HelperContracts+ErrorHandling.swift */,
				B57B35BB2A024006001B5F0F /* HelperContracts+CreateTable.swift */,
			);
			path = Operations;
			sourceTree = "<group>";
		};
/* End PBXGroup section */

/* Begin PBXNativeTarget section */
		B57B35562A00E57A001B5F0F /* CryptoApp */ = {
			isa = PBXNativeTarget;
			buildConfigurationList = B57B357C2A00E57B001B5F0F /* Build configuration list for PBXNativeTarget "CryptoApp" */;
			buildPhases = (
				B57B35532A00E57A001B5F0F /* Sources */,
				B57B35542A00E57A001B5F0F /* Frameworks */,
				B57B35552A00E57A001B5F0F /* Resources */,
			);
			buildRules = (
			);
			dependencies = (
			);
			name = CryptoApp;
			productName = CryptoApp;
			productReference = B57B35572A00E57A001B5F0F /* CryptoApp.app */;
			productType = "com.apple.product-type.application";
		};
		B57B35672A00E57B001B5F0F /* CryptoAppTests */ = {
			isa = PBXNativeTarget;
			buildConfigurationList = B57B357F2A00E57B001B5F0F /* Build configuration list for PBXNativeTarget "CryptoAppTests" */;
			buildPhases = (
				B57B35642A00E57B001B5F0F /* Sources */,
				B57B35652A00E57B001B5F0F /* Frameworks */,
				B57B35662A00E57B001B5F0F /* Resources */,
			);
			buildRules = (
			);
			dependencies = (
				B57B356A2A00E57B001B5F0F /* PBXTargetDependency */,
			);
			name = CryptoAppTests;
			productName = CryptoAppTests;
			productReference = B57B35682A00E57B001B5F0F /* CryptoAppTests.xctest */;
			productType = "com.apple.product-type.bundle.unit-test";
		};
		B57B35712A00E57B001B5F0F /* CryptoAppUITests */ = {
			isa = PBXNativeTarget;
			buildConfigurationList = B57B35822A00E57B001B5F0F /* Build configuration list for PBXNativeTarget "CryptoAppUITests" */;
			buildPhases = (
				B57B356E2A00E57B001B5F0F /* Sources */,
				B57B356F2A00E57B001B5F0F /* Frameworks */,
				B57B35702A00E57B001B5F0F /* Resources */,
			);
			buildRules = (
			);
			dependencies = (
				B57B35742A00E57B001B5F0F /* PBXTargetDependency */,
			);
			name = CryptoAppUITests;
			productName = CryptoAppUITests;
			productReference = B57B35722A00E57B001B5F0F /* CryptoAppUITests.xctest */;
			productType = "com.apple.product-type.bundle.ui-testing";
		};
/* End PBXNativeTarget section */

/* Begin PBXProject section */
		B57B354F2A00E57A001B5F0F /* Project object */ = {
			isa = PBXProject;
			attributes = {
				BuildIndependentTargetsInParallel = 1;
				LastSwiftUpdateCheck = 1420;
				LastUpgradeCheck = 1420;
				TargetAttributes = {
					B57B35562A00E57A001B5F0F = {
						CreatedOnToolsVersion = 14.2;
					};
					B57B35672A00E57B001B5F0F = {
						CreatedOnToolsVersion = 14.2;
						TestTargetID = B57B35562A00E57A001B5F0F;
					};
					B57B35712A00E57B001B5F0F = {
						CreatedOnToolsVersion = 14.2;
						TestTargetID = B57B35562A00E57A001B5F0F;
					};
				};
			};
			buildConfigurationList = B57B35522A00E57A001B5F0F /* Build configuration list for PBXProject "CryptoApp" */;
			compatibilityVersion = "Xcode 14.0";
			developmentRegion = en;
			hasScannedForEncodings = 0;
			knownRegions = (
				en,
				Base,
			);
			mainGroup = B57B354E2A00E57A001B5F0F;
			productRefGroup = B57B35582A00E57A001B5F0F /* Products */;
			projectDirPath = "";
			projectRoot = "";
			targets = (
				B57B35562A00E57A001B5F0F /* CryptoApp */,
				B57B35672A00E57B001B5F0F /* CryptoAppTests */,
				B57B35712A00E57B001B5F0F /* CryptoAppUITests */,
			);
		};
/* End PBXProject section */

/* Begin PBXResourcesBuildPhase section */
		B57B35552A00E57A001B5F0F /* Resources */ = {
			isa = PBXResourcesBuildPhase;
			buildActionMask = 2147483647;
			files = (
				B57B35A52A012337001B5F0F /* Iternary.rtf in Resources */,
				B57B355F2A00E57B001B5F0F /* Assets.xcassets in Resources */,
				B57B35862A00FA7D001B5F0F /* Requirements.rtf in Resources */,
				B57B35882A010A02001B5F0F /* EndPoints.rtf in Resources */,
				B57B35A72A01284A001B5F0F /* DB-info.rtf in Resources */,
			);
			runOnlyForDeploymentPostprocessing = 0;
		};
		B57B35662A00E57B001B5F0F /* Resources */ = {
			isa = PBXResourcesBuildPhase;
			buildActionMask = 2147483647;
			files = (
			);
			runOnlyForDeploymentPostprocessing = 0;
		};
		B57B35702A00E57B001B5F0F /* Resources */ = {
			isa = PBXResourcesBuildPhase;
			buildActionMask = 2147483647;
			files = (
			);
			runOnlyForDeploymentPostprocessing = 0;
		};
/* End PBXResourcesBuildPhase section */

/* Begin PBXSourcesBuildPhase section */
		B57B35532A00E57A001B5F0F /* Sources */ = {
			isa = PBXSourcesBuildPhase;
			buildActionMask = 2147483647;
			files = (
				B57B35BC2A024006001B5F0F /* HelperContracts+CreateTable.swift in Sources */,
				B57B359A2A01163A001B5F0F /* Assembler.swift in Sources */,
				B57B35B82A022672001B5F0F /* HelperContracts.swift in Sources */,
				B57B35BA2A023F04001B5F0F /* HelperContracts+ErrorHandling.swift in Sources */,
				B57B355D2A00E57A001B5F0F /* ViewController.swift in Sources */,
				B57B359F2A011DC8001B5F0F /* User.swift in Sources */,
				B57B359C2A011642001B5F0F /* Router.swift in Sources */,
				B57B35AB2A012CF2001B5F0F /* HardCodedData.swift in Sources */,
				B57B355B2A00E57A001B5F0F /* AppDelegate.swift in Sources */,
				B57B358A2A011491001B5F0F /* main.swift in Sources */,
				B57B35A32A01224E001B5F0F /* CryptoData.swift in Sources */,
				B57B35B12A0222E6001B5F0F /* FileHandler.swift in Sources */,
				B57B35B62A022635001B5F0F /* DBHelper.swift in Sources */,
				B57B35A12A011FCC001B5F0F /* CryptoWallet.swift in Sources */,
			);
			runOnlyForDeploymentPostprocessing = 0;
		};
		B57B35642A00E57B001B5F0F /* Sources */ = {
			isa = PBXSourcesBuildPhase;
			buildActionMask = 2147483647;
			files = (
				B57B356D2A00E57B001B5F0F /* CryptoAppTests.swift in Sources */,
			);
			runOnlyForDeploymentPostprocessing = 0;
		};
		B57B356E2A00E57B001B5F0F /* Sources */ = {
			isa = PBXSourcesBuildPhase;
			buildActionMask = 2147483647;
			files = (
				B57B35772A00E57B001B5F0F /* CryptoAppUITests.swift in Sources */,
				B57B35792A00E57B001B5F0F /* CryptoAppUITestsLaunchTests.swift in Sources */,
			);
			runOnlyForDeploymentPostprocessing = 0;
		};
/* End PBXSourcesBuildPhase section */

/* Begin PBXTargetDependency section */
		B57B356A2A00E57B001B5F0F /* PBXTargetDependency */ = {
			isa = PBXTargetDependency;
			target = B57B35562A00E57A001B5F0F /* CryptoApp */;
			targetProxy = B57B35692A00E57B001B5F0F /* PBXContainerItemProxy */;
		};
		B57B35742A00E57B001B5F0F /* PBXTargetDependency */ = {
			isa = PBXTargetDependency;
			target = B57B35562A00E57A001B5F0F /* CryptoApp */;
			targetProxy = B57B35732A00E57B001B5F0F /* PBXContainerItemProxy */;
		};
/* End PBXTargetDependency section */

/* Begin XCBuildConfiguration section */
		B57B357A2A00E57B001B5F0F /* Debug */ = {
			isa = XCBuildConfiguration;
			buildSettings = {
				ALWAYS_SEARCH_USER_PATHS = NO;
				CLANG_ANALYZER_NONNULL = YES;
				CLANG_ANALYZER_NUMBER_OBJECT_CONVERSION = YES_AGGRESSIVE;
				CLANG_CXX_LANGUAGE_STANDARD = "gnu++20";
				CLANG_ENABLE_MODULES = YES;
				CLANG_ENABLE_OBJC_ARC = YES;
				CLANG_ENABLE_OBJC_WEAK = YES;
				CLANG_WARN_BLOCK_CAPTURE_AUTORELEASING = YES;
				CLANG_WARN_BOOL_CONVERSION = YES;
				CLANG_WARN_COMMA = YES;
				CLANG_WARN_CONSTANT_CONVERSION = YES;
				CLANG_WARN_DEPRECATED_OBJC_IMPLEMENTATIONS = YES;
				CLANG_WARN_DIRECT_OBJC_ISA_USAGE = YES_ERROR;
				CLANG_WARN_DOCUMENTATION_COMMENTS = YES;
				CLANG_WARN_EMPTY_BODY = YES;
				CLANG_WARN_ENUM_CONVERSION = YES;
				CLANG_WARN_INFINITE_RECURSION = YES;
				CLANG_WARN_INT_CONVERSION = YES;
				CLANG_WARN_NON_LITERAL_NULL_CONVERSION = YES;
				CLANG_WARN_OBJC_IMPLICIT_RETAIN_SELF = YES;
				CLANG_WARN_OBJC_LITERAL_CONVERSION = YES;
				CLANG_WARN_OBJC_ROOT_CLASS = YES_ERROR;
				CLANG_WARN_QUOTED_INCLUDE_IN_FRAMEWORK_HEADER = YES;
				CLANG_WARN_RANGE_LOOP_ANALYSIS = YES;
				CLANG_WARN_STRICT_PROTOTYPES = YES;
				CLANG_WARN_SUSPICIOUS_MOVE = YES;
				CLANG_WARN_UNGUARDED_AVAILABILITY = YES_AGGRESSIVE;
				CLANG_WARN_UNREACHABLE_CODE = YES;
				CLANG_WARN__DUPLICATE_METHOD_MATCH = YES;
				COPY_PHASE_STRIP = NO;
				DEBUG_INFORMATION_FORMAT = dwarf;
				ENABLE_STRICT_OBJC_MSGSEND = YES;
				ENABLE_TESTABILITY = YES;
				GCC_C_LANGUAGE_STANDARD = gnu11;
				GCC_DYNAMIC_NO_PIC = NO;
				GCC_NO_COMMON_BLOCKS = YES;
				GCC_OPTIMIZATION_LEVEL = 0;
				GCC_PREPROCESSOR_DEFINITIONS = (
					"DEBUG=1",
					"$(inherited)",
				);
				GCC_WARN_64_TO_32_BIT_CONVERSION = YES;
				GCC_WARN_ABOUT_RETURN_TYPE = YES_ERROR;
				GCC_WARN_UNDECLARED_SELECTOR = YES;
				GCC_WARN_UNINITIALIZED_AUTOS = YES_AGGRESSIVE;
				GCC_WARN_UNUSED_FUNCTION = YES;
				GCC_WARN_UNUSED_VARIABLE = YES;
				MACOSX_DEPLOYMENT_TARGET = 13.1;
				MTL_ENABLE_DEBUG_INFO = INCLUDE_SOURCE;
				MTL_FAST_MATH = YES;
				ONLY_ACTIVE_ARCH = YES;
				SDKROOT = macosx;
				SWIFT_ACTIVE_COMPILATION_CONDITIONS = DEBUG;
				SWIFT_OPTIMIZATION_LEVEL = "-Onone";
			};
			name = Debug;
		};
		B57B357B2A00E57B001B5F0F /* Release */ = {
			isa = XCBuildConfiguration;
			buildSettings = {
				ALWAYS_SEARCH_USER_PATHS = NO;
				CLANG_ANALYZER_NONNULL = YES;
				CLANG_ANALYZER_NUMBER_OBJECT_CONVERSION = YES_AGGRESSIVE;
				CLANG_CXX_LANGUAGE_STANDARD = "gnu++20";
				CLANG_ENABLE_MODULES = YES;
				CLANG_ENABLE_OBJC_ARC = YES;
				CLANG_ENABLE_OBJC_WEAK = YES;
				CLANG_WARN_BLOCK_CAPTURE_AUTORELEASING = YES;
				CLANG_WARN_BOOL_CONVERSION = YES;
				CLANG_WARN_COMMA = YES;
				CLANG_WARN_CONSTANT_CONVERSION = YES;
				CLANG_WARN_DEPRECATED_OBJC_IMPLEMENTATIONS = YES;
				CLANG_WARN_DIRECT_OBJC_ISA_USAGE = YES_ERROR;
				CLANG_WARN_DOCUMENTATION_COMMENTS = YES;
				CLANG_WARN_EMPTY_BODY = YES;
				CLANG_WARN_ENUM_CONVERSION = YES;
				CLANG_WARN_INFINITE_RECURSION = YES;
				CLANG_WARN_INT_CONVERSION = YES;
				CLANG_WARN_NON_LITERAL_NULL_CONVERSION = YES;
				CLANG_WARN_OBJC_IMPLICIT_RETAIN_SELF = YES;
				CLANG_WARN_OBJC_LITERAL_CONVERSION = YES;
				CLANG_WARN_OBJC_ROOT_CLASS = YES_ERROR;
				CLANG_WARN_QUOTED_INCLUDE_IN_FRAMEWORK_HEADER = YES;
				CLANG_WARN_RANGE_LOOP_ANALYSIS = YES;
				CLANG_WARN_STRICT_PROTOTYPES = YES;
				CLANG_WARN_SUSPICIOUS_MOVE = YES;
				CLANG_WARN_UNGUARDED_AVAILABILITY = YES_AGGRESSIVE;
				CLANG_WARN_UNREACHABLE_CODE = YES;
				CLANG_WARN__DUPLICATE_METHOD_MATCH = YES;
				COPY_PHASE_STRIP = NO;
				DEBUG_INFORMATION_FORMAT = "dwarf-with-dsym";
				ENABLE_NS_ASSERTIONS = NO;
				ENABLE_STRICT_OBJC_MSGSEND = YES;
				GCC_C_LANGUAGE_STANDARD = gnu11;
				GCC_NO_COMMON_BLOCKS = YES;
				GCC_WARN_64_TO_32_BIT_CONVERSION = YES;
				GCC_WARN_ABOUT_RETURN_TYPE = YES_ERROR;
				GCC_WARN_UNDECLARED_SELECTOR = YES;
				GCC_WARN_UNINITIALIZED_AUTOS = YES_AGGRESSIVE;
				GCC_WARN_UNUSED_FUNCTION = YES;
				GCC_WARN_UNUSED_VARIABLE = YES;
				MACOSX_DEPLOYMENT_TARGET = 13.1;
				MTL_ENABLE_DEBUG_INFO = NO;
				MTL_FAST_MATH = YES;
				SDKROOT = macosx;
				SWIFT_COMPILATION_MODE = wholemodule;
				SWIFT_OPTIMIZATION_LEVEL = "-O";
			};
			name = Release;
		};
		B57B357D2A00E57B001B5F0F /* Debug */ = {
			isa = XCBuildConfiguration;
			buildSettings = {
				ASSETCATALOG_COMPILER_APPICON_NAME = AppIcon;
				ASSETCATALOG_COMPILER_GLOBAL_ACCENT_COLOR_NAME = AccentColor;
				CODE_SIGN_ENTITLEMENTS = CryptoApp/CryptoApp.entitlements;
				CODE_SIGN_STYLE = Automatic;
				COMBINE_HIDPI_IMAGES = YES;
				CURRENT_PROJECT_VERSION = 1;
				GENERATE_INFOPLIST_FILE = YES;
				INFOPLIST_KEY_NSHumanReadableCopyright = "";
				INFOPLIST_KEY_NSPrincipalClass = NSApplication;
				LD_RUNPATH_SEARCH_PATHS = (
					"$(inherited)",
					"@executable_path/../Frameworks",
				);
				MARKETING_VERSION = 1.0;
				PRODUCT_BUNDLE_IDENTIFIER = com.niks.CryptoApp;
				PRODUCT_NAME = "$(TARGET_NAME)";
				SWIFT_EMIT_LOC_STRINGS = YES;
				SWIFT_VERSION = 5.0;
			};
			name = Debug;
		};
		B57B357E2A00E57B001B5F0F /* Release */ = {
			isa = XCBuildConfiguration;
			buildSettings = {
				ASSETCATALOG_COMPILER_APPICON_NAME = AppIcon;
				ASSETCATALOG_COMPILER_GLOBAL_ACCENT_COLOR_NAME = AccentColor;
				CODE_SIGN_ENTITLEMENTS = CryptoApp/CryptoApp.entitlements;
				CODE_SIGN_STYLE = Automatic;
				COMBINE_HIDPI_IMAGES = YES;
				CURRENT_PROJECT_VERSION = 1;
				GENERATE_INFOPLIST_FILE = YES;
				INFOPLIST_KEY_NSHumanReadableCopyright = "";
				INFOPLIST_KEY_NSPrincipalClass = NSApplication;
				LD_RUNPATH_SEARCH_PATHS = (
					"$(inherited)",
					"@executable_path/../Frameworks",
				);
				MARKETING_VERSION = 1.0;
				PRODUCT_BUNDLE_IDENTIFIER = com.niks.CryptoApp;
				PRODUCT_NAME = "$(TARGET_NAME)";
				SWIFT_EMIT_LOC_STRINGS = YES;
				SWIFT_VERSION = 5.0;
			};
			name = Release;
		};
		B57B35802A00E57B001B5F0F /* Debug */ = {
			isa = XCBuildConfiguration;
			buildSettings = {
				ALWAYS_EMBED_SWIFT_STANDARD_LIBRARIES = YES;
				BUNDLE_LOADER = "$(TEST_HOST)";
				CODE_SIGN_STYLE = Automatic;
				CURRENT_PROJECT_VERSION = 1;
				GENERATE_INFOPLIST_FILE = YES;
				MACOSX_DEPLOYMENT_TARGET = 13.1;
				MARKETING_VERSION = 1.0;
				PRODUCT_BUNDLE_IDENTIFIER = com.niks.CryptoAppTests;
				PRODUCT_NAME = "$(TARGET_NAME)";
				SWIFT_EMIT_LOC_STRINGS = NO;
				SWIFT_VERSION = 5.0;
				TEST_HOST = "$(BUILT_PRODUCTS_DIR)/CryptoApp.app/$(BUNDLE_EXECUTABLE_FOLDER_PATH)/CryptoApp";
			};
			name = Debug;
		};
		B57B35812A00E57B001B5F0F /* Release */ = {
			isa = XCBuildConfiguration;
			buildSettings = {
				ALWAYS_EMBED_SWIFT_STANDARD_LIBRARIES = YES;
				BUNDLE_LOADER = "$(TEST_HOST)";
				CODE_SIGN_STYLE = Automatic;
				CURRENT_PROJECT_VERSION = 1;
				GENERATE_INFOPLIST_FILE = YES;
				MACOSX_DEPLOYMENT_TARGET = 13.1;
				MARKETING_VERSION = 1.0;
				PRODUCT_BUNDLE_IDENTIFIER = com.niks.CryptoAppTests;
				PRODUCT_NAME = "$(TARGET_NAME)";
				SWIFT_EMIT_LOC_STRINGS = NO;
				SWIFT_VERSION = 5.0;
				TEST_HOST = "$(BUILT_PRODUCTS_DIR)/CryptoApp.app/$(BUNDLE_EXECUTABLE_FOLDER_PATH)/CryptoApp";
			};
			name = Release;
		};
		B57B35832A00E57B001B5F0F /* Debug */ = {
			isa = XCBuildConfiguration;
			buildSettings = {
				ALWAYS_EMBED_SWIFT_STANDARD_LIBRARIES = YES;
				CODE_SIGN_STYLE = Automatic;
				CURRENT_PROJECT_VERSION = 1;
				GENERATE_INFOPLIST_FILE = YES;
				MARKETING_VERSION = 1.0;
				PRODUCT_BUNDLE_IDENTIFIER = com.niks.CryptoAppUITests;
				PRODUCT_NAME = "$(TARGET_NAME)";
				SWIFT_EMIT_LOC_STRINGS = NO;
				SWIFT_VERSION = 5.0;
				TEST_TARGET_NAME = CryptoApp;
			};
			name = Debug;
		};
		B57B35842A00E57B001B5F0F /* Release */ = {
			isa = XCBuildConfiguration;
			buildSettings = {
				ALWAYS_EMBED_SWIFT_STANDARD_LIBRARIES = YES;
				CODE_SIGN_STYLE = Automatic;
				CURRENT_PROJECT_VERSION = 1;
				GENERATE_INFOPLIST_FILE = YES;
				MARKETING_VERSION = 1.0;
				PRODUCT_BUNDLE_IDENTIFIER = com.niks.CryptoAppUITests;
				PRODUCT_NAME = "$(TARGET_NAME)";
				SWIFT_EMIT_LOC_STRINGS = NO;
				SWIFT_VERSION = 5.0;
				TEST_TARGET_NAME = CryptoApp;
			};
			name = Release;
		};
/* End XCBuildConfiguration section */

/* Begin XCConfigurationList section */
		B57B35522A00E57A001B5F0F /* Build configuration list for PBXProject "CryptoApp" */ = {
			isa = XCConfigurationList;
			buildConfigurations = (
				B57B357A2A00E57B001B5F0F /* Debug */,
				B57B357B2A00E57B001B5F0F /* Release */,
			);
			defaultConfigurationIsVisible = 0;
			defaultConfigurationName = Release;
		};
		B57B357C2A00E57B001B5F0F /* Build configuration list for PBXNativeTarget "CryptoApp" */ = {
			isa = XCConfigurationList;
			buildConfigurations = (
				B57B357D2A00E57B001B5F0F /* Debug */,
				B57B357E2A00E57B001B5F0F /* Release */,
			);
			defaultConfigurationIsVisible = 0;
			defaultConfigurationName = Release;
		};
		B57B357F2A00E57B001B5F0F /* Build configuration list for PBXNativeTarget "CryptoAppTests" */ = {
			isa = XCConfigurationList;
			buildConfigurations = (
				B57B35802A00E57B001B5F0F /* Debug */,
				B57B35812A00E57B001B5F0F /* Release */,
			);
			defaultConfigurationIsVisible = 0;
			defaultConfigurationName = Release;
		};
		B57B35822A00E57B001B5F0F /* Build configuration list for PBXNativeTarget "CryptoAppUITests" */ = {
			isa = XCConfigurationList;
			buildConfigurations = (
				B57B35832A00E57B001B5F0F /* Debug */,
				B57B35842A00E57B001B5F0F /* Release */,
			);
			defaultConfigurationIsVisible = 0;
			defaultConfigurationName = Release;
		};
/* End XCConfigurationList section */
	};
	rootObject = B57B354F2A00E57A001B5F0F /* Project object */;
}
